#
# This file is autogenerated by pip-compile with Python 3.13
# by the following command:
#
#    pip-compile --output-file=requirements-dev.lock requirements-dev.in
#
colorama==0.4.6
    # via
    #   -c requirements.lock
    #   pytest
iniconfig==2.3.0
    # via pytest
packaging==26.2
    # via
    #   -c requirements.lock
    #   pytest
pluggy==1.6.0
    # via pytest
pygments==2.20.0
    # via pytest
pytest==9.0.3
    # via -r requirements-dev.in
